// !$*UTF8*$!
{
	archiveVersion = 1;
	classes = {
	};
	objectVersion = 55;
	objects = {

/* Begin PBXBuildFile section */
		9712DDE9287FA80D0039FDDC /* Search.storyboard in Resources */ = {isa = PBXBuildFile; fileRef = 9712DDE8287FA80D0039FDDC /* Search.storyboard */; };
		9712DDEB287FA8460039FDDC /* Setting.storyboard in Resources */ = {isa = PBXBuildFile; fileRef = 9712DDEA287FA8460039FDDC /* Setting.storyboard */; };
		9712DDEE287FAED90039FDDC /* SideMenu in Frameworks */ = {isa = PBXBuildFile; productRef = 9712DDED287FAED90039FDDC /* SideMenu */; };
		9712DDF1287FAF940039FDDC /* FSCalendar in Frameworks */ = {isa = PBXBuildFile; productRef = 9712DDF0287FAF940039FDDC /* FSCalendar */; };
		9712DDF4287FAFC00039FDDC /* TextFieldEffects in Frameworks */ = {isa = PBXBuildFile; productRef = 9712DDF3287FAFC00039FDDC /* TextFieldEffects */; };
		971F65B4287BFC7700B3EB33 /* SmilViewController.swift in Sources */ = {isa = PBXBuildFile; fileRef = 971F65B3287BFC7700B3EB33 /* SmilViewController.swift */; };
		9763015B287D212200B314B7 /* SegmentedViewController.swift in Sources */ = {isa = PBXBuildFile; fileRef = 9763015A287D212200B314B7 /* SegmentedViewController.swift */; };
		97770864287EAD73000E4EE0 /* Dday.storyboard in Resources */ = {isa = PBXBuildFile; fileRef = 97770863287EAD73000E4EE0 /* Dday.storyboard */; };
		97770866287EAD8D000E4EE0 /* DdayViewController.swift in Sources */ = {isa = PBXBuildFile; fileRef = 97770865287EAD8D000E4EE0 /* DdayViewController.swift */; };
		9799F9AF287BA42500F63064 /* AppDelegate.swift in Sources */ = {isa = PBXBuildFile; fileRef = 9799F9AE287BA42500F63064 /* AppDelegate.swift */; };
		9799F9B1287BA42500F63064 /* SceneDelegate.swift in Sources */ = {isa = PBXBuildFile; fileRef = 9799F9B0287BA42500F63064 /* SceneDelegate.swift */; };
		9799F9B3287BA42500F63064 /* ViewController.swift in Sources */ = {isa = PBXBuildFile; fileRef = 9799F9B2287BA42500F63064 /* ViewController.swift */; };
		9799F9B6287BA42500F63064 /* Main.storyboard in Resources */ = {isa = PBXBuildFile; fileRef = 9799F9B4287BA42500F63064 /* Main.storyboard */; };
		9799F9B8287BA42800F63064 /* Assets.xcassets in Resources */ = {isa = PBXBuildFile; fileRef = 9799F9B7287BA42800F63064 /* Assets.xcassets */; };
		9799F9BB287BA42800F63064 /* LaunchScreen.storyboard in Resources */ = {isa = PBXBuildFile; fileRef = 9799F9B9287BA42800F63064 /* LaunchScreen.storyboard */; };
/* End PBXBuildFile section */

/* Begin PBXFileReference section */
		9712DDE8287FA80D0039FDDC /* Search.storyboard */ = {isa = PBXFileReference; lastKnownFileType = file.storyboard; path = Search.storyboard; sourceTree = "<group>"; };
		9712DDEA287FA8460039FDDC /* Setting.storyboard */ = {isa = PBXFileReference; lastKnownFileType = file.storyboard; path = Setting.storyboard; sourceTree = SOURCE_ROOT; };
		971F65B3287BFC7700B3EB33 /* SmilViewController.swift */ = {isa = PBXFileReference; lastKnownFileType = sourcecode.swift; path = SmilViewController.swift; sourceTree = "<group>"; };
		9763015A287D212200B314B7 /* SegmentedViewController.swift */ = {isa = PBXFileReference; lastKnownFileType = sourcecode.swift; path = SegmentedViewController.swift; sourceTree = "<group>"; };
		97770863287EAD73000E4EE0 /* Dday.storyboard */ = {isa = PBXFileReference; lastKnownFileType = file.storyboard; path = Dday.storyboard; sourceTree = "<group>"; };
		97770865287EAD8D000E4EE0 /* DdayViewController.swift */ = {isa = PBXFileReference; lastKnownFileType = sourcecode.swift; path = DdayViewController.swift; sourceTree = "<group>"; };
		9799F9AB287BA42500F63064 /* SesacWeek2.app */ = {isa = PBXFileReference; explicitFileType = wrapper.application; includeInIndex = 0; path = SesacWeek2.app; sourceTree = BUILT_PRODUCTS_DIR; };
		9799F9AE287BA42500F63064 /* AppDelegate.swift */ = {isa = PBXFileReference; lastKnownFileType = sourcecode.swift; path = AppDelegate.swift; sourceTree = "<group>"; };
		9799F9B0287BA42500F63064 /* SceneDelegate.swift */ = {isa = PBXFileReference; lastKnownFileType = sourcecode.swift; path = SceneDelegate.swift; sourceTree = "<group>"; };
		9799F9B2287BA42500F63064 /* ViewController.swift */ = {isa = PBXFileReference; lastKnownFileType = sourcecode.swift; path = ViewController.swift; sourceTree = "<group>"; };
		9799F9B5287BA42500F63064 /* Base */ = {isa = PBXFileReference; lastKnownFileType = file.storyboard; name = Base; path = Base.lproj/Main.storyboard; sourceTree = "<group>"; };
		9799F9B7287BA42800F63064 /* Assets.xcassets */ = {isa = PBXFileReference; lastKnownFileType = folder.assetcatalog; path = Assets.xcassets; sourceTree = "<group>"; };
		9799F9BA287BA42800F63064 /* Base */ = {isa = PBXFileReference; lastKnownFileType = file.storyboard; name = Base; path = Base.lproj/LaunchScreen.storyboard; sourceTree = "<group>"; };
		9799F9BC287BA42800F63064 /* Info.plist */ = {isa = PBXFileReference; lastKnownFileType = text.plist.xml; path = Info.plist; sourceTree = "<group>"; };
/* End PBXFileReference section */

/* Begin PBXFrameworksBuildPhase section */
		9799F9A8287BA42500F63064 /* Frameworks */ = {
			isa = PBXFrameworksBuildPhase;
			buildActionMask = 2147483647;
			files = (
				9712DDF4287FAFC00039FDDC /* TextFieldEffects in Frameworks */,
				9712DDEE287FAED90039FDDC /* SideMenu in Frameworks */,
				9712DDF1287FAF940039FDDC /* FSCalendar in Frameworks */,
			);
			runOnlyForDeploymentPostprocessing = 0;
		};
/* End PBXFrameworksBuildPhase section */

/* Begin PBXGroup section */
		97770861287EAD25000E4EE0 /* EmotionDiary */ = {
			isa = PBXGroup;
			children = (
				9799F9B4287BA42500F63064 /* Main.storyboard */,
				9799F9B2287BA42500F63064 /* ViewController.swift */,
				971F65B3287BFC7700B3EB33 /* SmilViewController.swift */,
				9763015A287D212200B314B7 /* SegmentedViewController.swift */,
			);
			path = EmotionDiary;
			sourceTree = "<group>";
		};
		97770862287EAD41000E4EE0 /* Dday */ = {
			isa = PBXGroup;
			children = (
				97770863287EAD73000E4EE0 /* Dday.storyboard */,
				97770865287EAD8D000E4EE0 /* DdayViewController.swift */,
			);
			path = Dday;
			sourceTree = "<group>";
		};
		9799F9A2287BA42500F63064 = {
			isa = PBXGroup;
			children = (
				9712DDE8287FA80D0039FDDC /* Search.storyboard */,
				9712DDEA287FA8460039FDDC /* Setting.storyboard */,
				9799F9AD287BA42500F63064 /* SesacWeek2 */,
				9799F9AC287BA42500F63064 /* Products */,
			);
			sourceTree = "<group>";
		};
		9799F9AC287BA42500F63064 /* Products */ = {
			isa = PBXGroup;
			children = (
				9799F9AB287BA42500F63064 /* SesacWeek2.app */,
			);
			name = Products;
			sourceTree = "<group>";
		};
		9799F9AD287BA42500F63064 /* SesacWeek2 */ = {
			isa = PBXGroup;
			children = (
				9799F9AE287BA42500F63064 /* AppDelegate.swift */,
				9799F9B0287BA42500F63064 /* SceneDelegate.swift */,
				9799F9B9287BA42800F63064 /* LaunchScreen.storyboard */,
				97770862287EAD41000E4EE0 /* Dday */,
				97770861287EAD25000E4EE0 /* EmotionDiary */,
				9799F9B7287BA42800F63064 /* Assets.xcassets */,
				9799F9BC287BA42800F63064 /* Info.plist */,
			);
			path = SesacWeek2;
			sourceTree = "<group>";
		};
/* End PBXGroup section */

/* Begin PBXNativeTarget section */
		9799F9AA287BA42500F63064 /* SesacWeek2 */ = {
			isa = PBXNativeTarget;
			buildConfigurationList = 9799F9BF287BA42800F63064 /* Build configuration list for PBXNativeTarget "SesacWeek2" */;
			buildPhases = (
				9799F9A7287BA42500F63064 /* Sources */,
				9799F9A8287BA42500F63064 /* Frameworks */,
				9799F9A9287BA42500F63064 /* Resources */,
			);
			buildRules = (
			);
			dependencies = (
			);
			name = SesacWeek2;
			packageProductDependencies = (
				9712DDED287FAED90039FDDC /* SideMenu */,
				9712DDF0287FAF940039FDDC /* FSCalendar */,
				9712DDF3287FAFC00039FDDC /* TextFieldEffects */,
			);
			productName = SesacWeek2;
			productReference = 9799F9AB287BA42500F63064 /* SesacWeek2.app */;
			productType = "com.apple.product-type.application";
		};
/* End PBXNativeTarget section */

/* Begin PBXProject section */
		9799F9A3287BA42500F63064 /* Project object */ = {
			isa = PBXProject;
			attributes = {
				BuildIndependentTargetsInParallel = 1;
				LastSwiftUpdateCheck = 1340;
				LastUpgradeCheck = 1340;
				TargetAttributes = {
					9799F9AA287BA42500F63064 = {
						CreatedOnToolsVersion = 13.4.1;
					};
				};
			};
			buildConfigurationList = 9799F9A6287BA42500F63064 /* Build configuration list for PBXProject "SesacWeek2" */;
			compatibilityVersion = "Xcode 13.0";
			developmentRegion = en;
			hasScannedForEncodings = 0;
			knownRegions = (
				en,
				Base,
			);
			mainGroup = 9799F9A2287BA42500F63064;
			packageReferences = (
				9712DDEC287FAED90039FDDC /* XCRemoteSwiftPackageReference "SideMenu" */,
				9712DDEF287FAF940039FDDC /* XCRemoteSwiftPackageReference "FSCalendar" */,
				9712DDF2287FAFC00039FDDC /* XCRemoteSwiftPackageReference "TextFieldEffects" */,
			);
			productRefGroup = 9799F9AC287BA42500F63064 /* Products */;
			projectDirPath = "";
			projectRoot = "";
			targets = (
				9799F9AA287BA42500F63064 /* SesacWeek2 */,
			);
		};
/* End PBXProject section */

/* Begin PBXResourcesBuildPhase section */
		9799F9A9287BA42500F63064 /* Resources */ = {
			isa = PBXResourcesBuildPhase;
			buildActionMask = 2147483647;
			files = (
				97770864287EAD73000E4EE0 /* Dday.storyboard in Resources */,
				9799F9BB287BA42800F63064 /* LaunchScreen.storyboard in Resources */,
				9799F9B8287BA42800F63064 /* Assets.xcassets in Resources */,
				9799F9B6287BA42500F63064 /* Main.storyboard in Resources */,
				9712DDE9287FA80D0039FDDC /* Search.storyboard in Resources */,
				9712DDEB287FA8460039FDDC /* Setting.storyboard in Resources */,
			);
			runOnlyForDeploymentPostprocessing = 0;
		};
/* End PBXResourcesBuildPhase section */

/* Begin PBXSourcesBuildPhase section */
		9799F9A7287BA42500F63064 /* Sources */ = {
			isa = PBXSourcesBuildPhase;
			buildActionMask = 2147483647;
			files = (
				9799F9B3287BA42500F63064 /* ViewController.swift in Sources */,
				9799F9AF287BA42500F63064 /* AppDelegate.swift in Sources */,
				9763015B287D212200B314B7 /* SegmentedViewController.swift in Sources */,
				9799F9B1287BA42500F63064 /* SceneDelegate.swift in Sources */,
				97770866287EAD8D000E4EE0 /* DdayViewController.swift in Sources */,
				971F65B4287BFC7700B3EB33 /* SmilViewController.swift in Sources */,
			);
			runOnlyForDeploymentPostprocessing = 0;
		};
/* End PBXSourcesBuildPhase section */

/* Begin PBXVariantGroup section */
		9799F9B4287BA42500F63064 /* Main.storyboard */ = {
			isa = PBXVariantGroup;
			children = (
				9799F9B5287BA42500F63064 /* Base */,
			);
			name = Main.storyboard;
			sourceTree = "<group>";
		};
		9799F9B9287BA42800F63064 /* LaunchScreen.storyboard */ = {
			isa = PBXVariantGroup;
			children = (
				9799F9BA287BA42800F63064 /* Base */,
			);
			name = LaunchScreen.storyboard;
			sourceTree = "<group>";
		};
/* End PBXVariantGroup section */

/* Begin XCBuildConfiguration section */
		9799F9BD287BA42800F63064 /* Debug */ = {
			isa = XCBuildConfiguration;
			buildSettings = {
				ALWAYS_SEARCH_USER_PATHS = NO;
				CLANG_ANALYZER_NONNULL = YES;
				CLANG_ANALYZER_NUMBER_OBJECT_CONVERSION = YES_AGGRESSIVE;
				CLANG_CXX_LANGUAGE_STANDARD = "gnu++17";
				CLANG_ENABLE_MODULES = YES;
				CLANG_ENABLE_OBJC_ARC = YES;
				CLANG_ENABLE_OBJC_WEAK = YES;
				CLANG_WARN_BLOCK_CAPTURE_AUTORELEASING = YES;
				CLANG_WARN_BOOL_CONVERSION = YES;
				CLANG_WARN_COMMA = YES;
				CLANG_WARN_CONSTANT_CONVERSION = YES;
				CLANG_WARN_DEPRECATED_OBJC_IMPLEMENTATIONS = YES;
				CLANG_WARN_DIRECT_OBJC_ISA_USAGE = YES_ERROR;
				CLANG_WARN_DOCUMENTATION_COMMENTS = YES;
				CLANG_WARN_EMPTY_BODY = YES;
				CLANG_WARN_ENUM_CONVERSION = YES;
				CLANG_WARN_INFINITE_RECURSION = YES;
				CLANG_WARN_INT_CONVERSION = YES;
				CLANG_WARN_NON_LITERAL_NULL_CONVERSION = YES;
				CLANG_WARN_OBJC_IMPLICIT_RETAIN_SELF = YES;
				CLANG_WARN_OBJC_LITERAL_CONVERSION = YES;
				CLANG_WARN_OBJC_ROOT_CLASS = YES_ERROR;
				CLANG_WARN_QUOTED_INCLUDE_IN_FRAMEWORK_HEADER = YES;
				CLANG_WARN_RANGE_LOOP_ANALYSIS = YES;
				CLANG_WARN_STRICT_PROTOTYPES = YES;
				CLANG_WARN_SUSPICIOUS_MOVE = YES;
				CLANG_WARN_UNGUARDED_AVAILABILITY = YES_AGGRESSIVE;
				CLANG_WARN_UNREACHABLE_CODE = YES;
				CLANG_WARN__DUPLICATE_METHOD_MATCH = YES;
				COPY_PHASE_STRIP = NO;
				DEBUG_INFORMATION_FORMAT = dwarf;
				ENABLE_STRICT_OBJC_MSGSEND = YES;
				ENABLE_TESTABILITY = YES;
				GCC_C_LANGUAGE_STANDARD = gnu11;
				GCC_DYNAMIC_NO_PIC = NO;
				GCC_NO_COMMON_BLOCKS = YES;
				GCC_OPTIMIZATION_LEVEL = 0;
				GCC_PREPROCESSOR_DEFINITIONS = (
					"DEBUG=1",
					"$(inherited)",
				);
				GCC_WARN_64_TO_32_BIT_CONVERSION = YES;
				GCC_WARN_ABOUT_RETURN_TYPE = YES_ERROR;
				GCC_WARN_UNDECLARED_SELECTOR = YES;
				GCC_WARN_UNINITIALIZED_AUTOS = YES_AGGRESSIVE;
				GCC_WARN_UNUSED_FUNCTION = YES;
				GCC_WARN_UNUSED_VARIABLE = YES;
				IPHONEOS_DEPLOYMENT_TARGET = 15.5;
				MTL_ENABLE_DEBUG_INFO = INCLUDE_SOURCE;
				MTL_FAST_MATH = YES;
				ONLY_ACTIVE_ARCH = YES;
				SDKROOT = iphoneos;
				SWIFT_ACTIVE_COMPILATION_CONDITIONS = DEBUG;
				SWIFT_OPTIMIZATION_LEVEL = "-Onone";
			};
			name = Debug;
		};
		9799F9BE287BA42800F63064 /* Release */ = {
			isa = XCBuildConfiguration;
			buildSettings = {
				ALWAYS_SEARCH_USER_PATHS = NO;
				CLANG_ANALYZER_NONNULL = YES;
				CLANG_ANALYZER_NUMBER_OBJECT_CONVERSION = YES_AGGRESSIVE;
				CLANG_CXX_LANGUAGE_STANDARD = "gnu++17";
				CLANG_ENABLE_MODULES = YES;
				CLANG_ENABLE_OBJC_ARC = YES;
				CLANG_ENABLE_OBJC_WEAK = YES;
				CLANG_WARN_BLOCK_CAPTURE_AUTORELEASING = YES;
				CLANG_WARN_BOOL_CONVERSION = YES;
				CLANG_WARN_COMMA = YES;
				CLANG_WARN_CONSTANT_CONVERSION = YES;
				CLANG_WARN_DEPRECATED_OBJC_IMPLEMENTATIONS = YES;
				CLANG_WARN_DIRECT_OBJC_ISA_USAGE = YES_ERROR;
				CLANG_WARN_DOCUMENTATION_COMMENTS = YES;
				CLANG_WARN_EMPTY_BODY = YES;
				CLANG_WARN_ENUM_CONVERSION = YES;
				CLANG_WARN_INFINITE_RECURSION = YES;
				CLANG_WARN_INT_CONVERSION = YES;
				CLANG_WARN_NON_LITERAL_NULL_CONVERSION = YES;
				CLANG_WARN_OBJC_IMPLICIT_RETAIN_SELF = YES;
				CLANG_WARN_OBJC_LITERAL_CONVERSION = YES;
				CLANG_WARN_OBJC_ROOT_CLASS = YES_ERROR;
				CLANG_WARN_QUOTED_INCLUDE_IN_FRAMEWORK_HEADER = YES;
				CLANG_WARN_RANGE_LOOP_ANALYSIS = YES;
				CLANG_WARN_STRICT_PROTOTYPES = YES;
				CLANG_WARN_SUSPICIOUS_MOVE = YES;
				CLANG_WARN_UNGUARDED_AVAILABILITY = YES_AGGRESSIVE;
				CLANG_WARN_UNREACHABLE_CODE = YES;
				CLANG_WARN__DUPLICATE_METHOD_MATCH = YES;
				COPY_PHASE_STRIP = NO;
				DEBUG_INFORMATION_FORMAT = "dwarf-with-dsym";
				ENABLE_NS_ASSERTIONS = NO;
				ENABLE_STRICT_OBJC_MSGSEND = YES;
				GCC_C_LANGUAGE_STANDARD = gnu11;
				GCC_NO_COMMON_BLOCKS = YES;
				GCC_WARN_64_TO_32_BIT_CONVERSION = YES;
				GCC_WARN_ABOUT_RETURN_TYPE = YES_ERROR;
				GCC_WARN_UNDECLARED_SELECTOR = YES;
				GCC_WARN_UNINITIALIZED_AUTOS = YES_AGGRESSIVE;
				GCC_WARN_UNUSED_FUNCTION = YES;
				GCC_WARN_UNUSED_VARIABLE = YES;
				IPHONEOS_DEPLOYMENT_TARGET = 15.5;
				MTL_ENABLE_DEBUG_INFO = NO;
				MTL_FAST_MATH = YES;
				SDKROOT = iphoneos;
				SWIFT_COMPILATION_MODE = wholemodule;
				SWIFT_OPTIMIZATION_LEVEL = "-O";
				VALIDATE_PRODUCT = YES;
			};
			name = Release;
		};
		9799F9C0287BA42800F63064 /* Debug */ = {
			isa = XCBuildConfiguration;
			buildSettings = {
				ASSETCATALOG_COMPILER_APPICON_NAME = AppIcon;
				ASSETCATALOG_COMPILER_GLOBAL_ACCENT_COLOR_NAME = AccentColor;
				CODE_SIGN_STYLE = Automatic;
				CURRENT_PROJECT_VERSION = 1;
				DEVELOPMENT_TEAM = 3C6U386B4C;
				GENERATE_INFOPLIST_FILE = YES;
				INFOPLIST_FILE = SesacWeek2/Info.plist;
				INFOPLIST_KEY_UIApplicationSupportsIndirectInputEvents = YES;
				INFOPLIST_KEY_UILaunchStoryboardName = LaunchScreen;
				INFOPLIST_KEY_UIMainStoryboardFile = Dday;
				INFOPLIST_KEY_UISupportedInterfaceOrientations_iPad = "UIInterfaceOrientationPortrait UIInterfaceOrientationPortraitUpsideDown UIInterfaceOrientationLandscapeLeft UIInterfaceOrientationLandscapeRight";
				INFOPLIST_KEY_UISupportedInterfaceOrientations_iPhone = "UIInterfaceOrientationPortrait UIInterfaceOrientationLandscapeLeft UIInterfaceOrientationLandscapeRight";
				IPHONEOS_DEPLOYMENT_TARGET = 15.0;
				LD_RUNPATH_SEARCH_PATHS = (
					"$(inherited)",
					"@executable_path/Frameworks",
				);
				MARKETING_VERSION = 1.0;
				PRODUCT_BUNDLE_IDENTIFIER = com.hee.SesacWeek2;
				PRODUCT_NAME = "$(TARGET_NAME)";
				SWIFT_EMIT_LOC_STRINGS = YES;
				SWIFT_VERSION = 5.0;
				TARGETED_DEVICE_FAMILY = 1;
			};
			name = Debug;
		};
		9799F9C1287BA42800F63064 /* Release */ = {
			isa = XCBuildConfiguration;
			buildSettings = {
				ASSETCATALOG_COMPILER_APPICON_NAME = AppIcon;
				ASSETCATALOG_COMPILER_GLOBAL_ACCENT_COLOR_NAME = AccentColor;
				CODE_SIGN_STYLE = Automatic;
				CURRENT_PROJECT_VERSION = 1;
				DEVELOPMENT_TEAM = 3C6U386B4C;
				GENERATE_INFOPLIST_FILE = YES;
				INFOPLIST_FILE = SesacWeek2/Info.plist;
				INFOPLIST_KEY_UIApplicationSupportsIndirectInputEvents = YES;
				INFOPLIST_KEY_UILaunchStoryboardName = LaunchScreen;
				INFOPLIST_KEY_UIMainStoryboardFile = Dday;
				INFOPLIST_KEY_UISupportedInterfaceOrientations_iPad = "UIInterfaceOrientationPortrait UIInterfaceOrientationPortraitUpsideDown UIInterfaceOrientationLandscapeLeft UIInterfaceOrientationLandscapeRight";
				INFOPLIST_KEY_UISupportedInterfaceOrientations_iPhone = "UIInterfaceOrientationPortrait UIInterfaceOrientationLandscapeLeft UIInterfaceOrientationLandscapeRight";
				IPHONEOS_DEPLOYMENT_TARGET = 15.0;
				LD_RUNPATH_SEARCH_PATHS = (
					"$(inherited)",
					"@executable_path/Frameworks",
				);
				MARKETING_VERSION = 1.0;
				PRODUCT_BUNDLE_IDENTIFIER = com.hee.SesacWeek2;
				PRODUCT_NAME = "$(TARGET_NAME)";
				SWIFT_EMIT_LOC_STRINGS = YES;
				SWIFT_VERSION = 5.0;
				TARGETED_DEVICE_FAMILY = 1;
			};
			name = Release;
		};
/* End XCBuildConfiguration section */

/* Begin XCConfigurationList section */
		9799F9A6287BA42500F63064 /* Build configuration list for PBXProject "SesacWeek2" */ = {
			isa = XCConfigurationList;
			buildConfigurations = (
				9799F9BD287BA42800F63064 /* Debug */,
				9799F9BE287BA42800F63064 /* Release */,
			);
			defaultConfigurationIsVisible = 0;
			defaultConfigurationName = Release;
		};
		9799F9BF287BA42800F63064 /* Build configuration list for PBXNativeTarget "SesacWeek2" */ = {
			isa = XCConfigurationList;
			buildConfigurations = (
				9799F9C0287BA42800F63064 /* Debug */,
				9799F9C1287BA42800F63064 /* Release */,
			);
			defaultConfigurationIsVisible = 0;
			defaultConfigurationName = Release;
		};
/* End XCConfigurationList section */

/* Begin XCRemoteSwiftPackageReference section */
		9712DDEC287FAED90039FDDC /* XCRemoteSwiftPackageReference "SideMenu" */ = {
			isa = XCRemoteSwiftPackageReference;
			repositoryURL = "https://github.com/jonkykong/SideMenu.git";
			requirement = {
				kind = upToNextMajorVersion;
				minimumVersion = 6.0.0;
			};
		};
		9712DDEF287FAF940039FDDC /* XCRemoteSwiftPackageReference "FSCalendar" */ = {
			isa = XCRemoteSwiftPackageReference;
			repositoryURL = "https://github.com/WenchaoD/FSCalendar.git";
			requirement = {
				kind = upToNextMajorVersion;
				minimumVersion = 2.0.0;
			};
		};
		9712DDF2287FAFC00039FDDC /* XCRemoteSwiftPackageReference "TextFieldEffects" */ = {
			isa = XCRemoteSwiftPackageReference;
			repositoryURL = "https://github.com/raulriera/TextFieldEffects.git";
			requirement = {
				kind = upToNextMajorVersion;
				minimumVersion = 1.0.0;
			};
		};
/* End XCRemoteSwiftPackageReference section */

/* Begin XCSwiftPackageProductDependency section */
		9712DDED287FAED90039FDDC /* SideMenu */ = {
			isa = XCSwiftPackageProductDependency;
			package = 9712DDEC287FAED90039FDDC /* XCRemoteSwiftPackageReference "SideMenu" */;
			productName = SideMenu;
		};
		9712DDF0287FAF940039FDDC /* FSCalendar */ = {
			isa = XCSwiftPackageProductDependency;
			package = 9712DDEF287FAF940039FDDC /* XCRemoteSwiftPackageReference "FSCalendar" */;
			productName = FSCalendar;
		};
		9712DDF3287FAFC00039FDDC /* TextFieldEffects */ = {
			isa = XCSwiftPackageProductDependency;
			package = 9712DDF2287FAFC00039FDDC /* XCRemoteSwiftPackageReference "TextFieldEffects" */;
			productName = TextFieldEffects;
		};
/* End XCSwiftPackageProductDependency section */
	};
	rootObject = 9799F9A3287BA42500F63064 /* Project object */;
}
